
Microsoft Visual Studio Solution File, Format Version 12.00
# Visual Studio Version 16
VisualStudioVersion = 16.0.30804.86
MinimumVisualStudioVersion = 10.0.40219.1
Project("{FAE04EC0-301F-11D3-BF4B-00C04F79EFBC}") = "consoleSoundPlayer", "consoleSoundPlayer\consoleSoundPlayer.csproj", "{79F77305-6F56-4710-B722-F900359E763E}"
EndProject
Global
	GlobalSection(SolutionConfigurationPlatforms) = preSolution
		Debug|Any CPU = Debug|Any CPU
		Release|Any CPU = Release|Any CPU
	EndGlobalSection
	GlobalSection(ProjectConfigurationPlatforms) = postSolution
		{79F77305-6F56-4710-B722-F900359E763E}.Debug|Any CPU.ActiveCfg = Debug|Any CPU
		{79F77305-6F56-4710-B722-F900359E763E}.Debug|Any CPU.Build.0 = Debug|Any CPU
		{79F77305-6F56-4710-B722-F900359E763E}.Release|Any CPU.ActiveCfg = Release|Any CPU
		{79F77305-6F56-4710-B722-F900359E763E}.Release|Any CPU.Build.0 = Release|Any CPU
	EndGlobalSection
	GlobalSection(SolutionProperties) = preSolution
		HideSolutionNode = FALSE
	EndGlobalSection
	GlobalSection(ExtensibilityGlobals) = postSolution
		SolutionGuid = {C5C6DCC4-F93D-47AB-84BC-585AE9CACB11}
	EndGlobalSection
EndGlobal
